// !$*UTF8*$!
{
	archiveVersion = 1;
	classes = {
	};
	objectVersion = 48;
	objects = {

/* Begin PBXBuildFile section */
		CC5AED051FFDCC1300009648 /* AppDelegate.m in Sources */ = {isa = PBXBuildFile; fileRef = CC5AED041FFDCC1300009648 /* AppDelegate.m */; };
		CC5AED081FFDCC1300009648 /* ViewController.m in Sources */ = {isa = PBXBuildFile; fileRef = CC5AED071FFDCC1300009648 /* ViewController.m */; };
		CC5AED0B1FFDCC1300009648 /* Main.storyboard in Resources */ = {isa = PBXBuildFile; fileRef = CC5AED091FFDCC1300009648 /* Main.storyboard */; };
		CC5AED0D1FFDCC1300009648 /* Assets.xcassets in Resources */ = {isa = PBXBuildFile; fileRef = CC5AED0C1FFDCC1300009648 /* Assets.xcassets */; };
		CC5AED101FFDCC1300009648 /* LaunchScreen.storyboard in Resources */ = {isa = PBXBuildFile; fileRef = CC5AED0E1FFDCC1300009648 /* LaunchScreen.storyboard */; };
		CC5AED131FFDCC1400009648 /* main.m in Sources */ = {isa = PBXBuildFile; fileRef = CC5AED121FFDCC1400009648 /* main.m */; };
/* End PBXBuildFile section */

/* Begin PBXFileReference section */
		CC5AED001FFDCC1300009648 /* LearnDemo.app */ = {isa = PBXFileReference; explicitFileType = wrapper.application; includeInIndex = 0; path = LearnDemo.app; sourceTree = BUILT_PRODUCTS_DIR; };
		CC5AED031FFDCC1300009648 /* AppDelegate.h */ = {isa = PBXFileReference; lastKnownFileType = sourcecode.c.h; path = AppDelegate.h; sourceTree = "<group>"; };
		CC5AED041FFDCC1300009648 /* AppDelegate.m */ = {isa = PBXFileReference; lastKnownFileType = sourcecode.c.objc; path = AppDelegate.m; sourceTree = "<group>"; };
		CC5AED061FFDCC1300009648 /* ViewController.h */ = {isa = PBXFileReference; lastKnownFileType = sourcecode.c.h; path = ViewController.h; sourceTree = "<group>"; };
		CC5AED071FFDCC1300009648 /* ViewController.m */ = {isa = PBXFileReference; lastKnownFileType = sourcecode.c.objc; path = ViewController.m; sourceTree = "<group>"; };
		CC5AED0A1FFDCC1300009648 /* Base */ = {isa = PBXFileReference; lastKnownFileType = file.storyboard; name = Base; path = Base.lproj/Main.storyboard; sourceTree = "<group>"; };
		CC5AED0C1FFDCC1300009648 /* Assets.xcassets */ = {isa = PBXFileReference; lastKnownFileType = folder.assetcatalog; path = Assets.xcassets; sourceTree = "<group>"; };
		CC5AED0F1FFDCC1300009648 /* Base */ = {isa = PBXFileReference; lastKnownFileType = file.storyboard; name = Base; path = Base.lproj/LaunchScreen.storyboard; sourceTree = "<group>"; };
		CC5AED111FFDCC1300009648 /* Info.plist */ = {isa = PBXFileReference; lastKnownFileType = text.plist.xml; path = Info.plist; sourceTree = "<group>"; };
		CC5AED121FFDCC1400009648 /* main.m */ = {isa = PBXFileReference; lastKnownFileType = sourcecode.c.objc; path = main.m; sourceTree = "<group>"; };
/* End PBXFileReference section */

/* Begin PBXFrameworksBuildPhase section */
		CC5AECFD1FFDCC1300009648 /* Frameworks */ = {
			isa = PBXFrameworksBuildPhase;
			buildActionMask = 2147483647;
			files = (
			);
			runOnlyForDeploymentPostprocessing = 0;
		};
/* End PBXFrameworksBuildPhase section */

/* Begin PBXGroup section */
		CC5AECF71FFDCC1300009648 = {
			isa = PBXGroup;
			children = (
				CC5AED021FFDCC1300009648 /* LearnDemo */,
				CC5AED011FFDCC1300009648 /* Products */,
			);
			sourceTree = "<group>";
		};
		CC5AED011FFDCC1300009648 /* Products */ = {
			isa = PBXGroup;
			children = (
				CC5AED001FFDCC1300009648 /* LearnDemo.app */,
			);
			name = Products;
			sourceTree = "<group>";
		};
		CC5AED021FFDCC1300009648 /* LearnDemo */ = {
			isa = PBXGroup;
			children = (
				CC5AED031FFDCC1300009648 /* AppDelegate.h */,
				CC5AED041FFDCC1300009648 /* AppDelegate.m */,
				CC5AED061FFDCC1300009648 /* ViewController.h */,
				CC5AED071FFDCC1300009648 /* ViewController.m */,
				CC5AED091FFDCC1300009648 /* Main.storyboard */,
				CC5AED0C1FFDCC1300009648 /* Assets.xcassets */,
				CC5AED0E1FFDCC1300009648 /* LaunchScreen.storyboard */,
				CC5AED111FFDCC1300009648 /* Info.plist */,
				CC5AED121FFDCC1400009648 /* main.m */,
			);
			path = LearnDemo;
			sourceTree = "<group>";
		};
/* End PBXGroup section */

/* Begin PBXNativeTarget section */
		CC5AECFF1FFDCC1300009648 /* LearnDemo */ = {
			isa = PBXNativeTarget;
			buildConfigurationList = CC5AED161FFDCC1400009648 /* Build configuration list for PBXNativeTarget "LearnDemo" */;
			buildPhases = (
				CC5AECFC1FFDCC1300009648 /* Sources */,
				CC5AECFD1FFDCC1300009648 /* Frameworks */,
				CC5AECFE1FFDCC1300009648 /* Resources */,
			);
			buildRules = (
			);
			dependencies = (
			);
			name = LearnDemo;
			productName = LearnDemo;
			productReference = CC5AED001FFDCC1300009648 /* LearnDemo.app */;
			productType = "com.apple.product-type.application";
		};
/* End PBXNativeTarget section */

/* Begin PBXProject section */
		CC5AECF81FFDCC1300009648 /* Project object */ = {
			isa = PBXProject;
			attributes = {
				LastUpgradeCheck = 0920;
				ORGANIZATIONNAME = wangyanchao;
				TargetAttributes = {
					CC5AECFF1FFDCC1300009648 = {
						CreatedOnToolsVersion = 9.2;
						ProvisioningStyle = Automatic;
					};
				};
			};
			buildConfigurationList = CC5AECFB1FFDCC1300009648 /* Build configuration list for PBXProject "LearnDemo" */;
			compatibilityVersion = "Xcode 8.0";
			developmentRegion = en;
			hasScannedForEncodings = 0;
			knownRegions = (
				en,
				Base,
			);
			mainGroup = CC5AECF71FFDCC1300009648;
			productRefGroup = CC5AED011FFDCC1300009648 /* Products */;
			projectDirPath = "";
			projectRoot = "";
			targets = (
				CC5AECFF1FFDCC1300009648 /* LearnDemo */,
			);
		};
/* End PBXProject section */

/* Begin PBXResourcesBuildPhase section */
		CC5AECFE1FFDCC1300009648 /* Resources */ = {
			isa = PBXResourcesBuildPhase;
			buildActionMask = 2147483647;
			files = (
				CC5AED101FFDCC1300009648 /* LaunchScreen.storyboard in Resources */,
				CC5AED0D1FFDCC1300009648 /* Assets.xcassets in Resources */,
				CC5AED0B1FFDCC1300009648 /* Main.storyboard in Resources */,
			);
			runOnlyForDeploymentPostprocessing = 0;
		};
/* End PBXResourcesBuildPhase section */

/* Begin PBXSourcesBuildPhase section */
		CC5AECFC1FFDCC1300009648 /* Sources */ = {
			isa = PBXSourcesBuildPhase;
			buildActionMask = 2147483647;
			files = (
				CC5AED081FFDCC1300009648 /* ViewController.m in Sources */,
				CC5AED131FFDCC1400009648 /* main.m in Sources */,
				CC5AED051FFDCC1300009648 /* AppDelegate.m in Sources */,
			);
			runOnlyForDeploymentPostprocessing = 0;
		};
/* End PBXSourcesBuildPhase section */

/* Begin PBXVariantGroup section */
		CC5AED091FFDCC1300009648 /* Main.storyboard */ = {
			isa = PBXVariantGroup;
			children = (
				CC5AED0A1FFDCC1300009648 /* Base */,
			);
			name = Main.storyboard;
			sourceTree = "<group>";
		};
		CC5AED0E1FFDCC1300009648 /* LaunchScreen.storyboard */ = {
			isa = PBXVariantGroup;
			children = (
				CC5AED0F1FFDCC1300009648 /* Base */,
			);
			name = LaunchScreen.storyboard;
			sourceTree = "<group>";
		};
/* End PBXVariantGroup section */

/* Begin XCBuildConfiguration section */
		CC5AED141FFDCC1400009648 /* Debug */ = {
			isa = XCBuildConfiguration;
			buildSettings = {
				ALWAYS_SEARCH_USER_PATHS = NO;
				CLANG_ANALYZER_NONNULL = YES;
				CLANG_ANALYZER_NUMBER_OBJECT_CONVERSION = YES_AGGRESSIVE;
				CLANG_CXX_LANGUAGE_STANDARD = "gnu++14";
				CLANG_CXX_LIBRARY = "libc++";
				CLANG_ENABLE_MODULES = YES;
				CLANG_ENABLE_OBJC_ARC = YES;
				CLANG_WARN_BLOCK_CAPTURE_AUTORELEASING = YES;
				CLANG_WARN_BOOL_CONVERSION = YES;
				CLANG_WARN_COMMA = YES;
				CLANG_WARN_CONSTANT_CONVERSION = YES;
				CLANG_WARN_DIRECT_OBJC_ISA_USAGE = YES_ERROR;
				CLANG_WARN_DOCUMENTATION_COMMENTS = YES;
				CLANG_WARN_EMPTY_BODY = YES;
				CLANG_WARN_ENUM_CONVERSION = YES;
				CLANG_WARN_INFINITE_RECURSION = YES;
				CLANG_WARN_INT_CONVERSION = YES;
				CLANG_WARN_NON_LITERAL_NULL_CONVERSION = YES;
				CLANG_WARN_OBJC_LITERAL_CONVERSION = YES;
				CLANG_WARN_OBJC_ROOT_CLASS = YES_ERROR;
				CLANG_WARN_RANGE_LOOP_ANALYSIS = YES;
				CLANG_WARN_STRICT_PROTOTYPES = YES;
				CLANG_WARN_SUSPICIOUS_MOVE = YES;
				CLANG_WARN_UNGUARDED_AVAILABILITY = YES_AGGRESSIVE;
				CLANG_WARN_UNREACHABLE_CODE = YES;
				CLANG_WARN__DUPLICATE_METHOD_MATCH = YES;
				CODE_SIGN_IDENTITY = "iPhone Developer";
				COPY_PHASE_STRIP = NO;
				DEBUG_INFORMATION_FORMAT = dwarf;
				ENABLE_STRICT_OBJC_MSGSEND = YES;
				ENABLE_TESTABILITY = YES;
				GCC_C_LANGUAGE_STANDARD = gnu11;
				GCC_DYNAMIC_NO_PIC = NO;
				GCC_NO_COMMON_BLOCKS = YES;
				GCC_OPTIMIZATION_LEVEL = 0;
				GCC_PREPROCESSOR_DEFINITIONS = (
					"DEBUG=1",
					"$(inherited)",
				);
				GCC_WARN_64_TO_32_BIT_CONVERSION = YES;
				GCC_WARN_ABOUT_RETURN_TYPE = YES_ERROR;
				GCC_WARN_UNDECLARED_SELECTOR = YES;
				GCC_WARN_UNINITIALIZED_AUTOS = YES_AGGRESSIVE;
				GCC_WARN_UNUSED_FUNCTION = YES;
				GCC_WARN_UNUSED_VARIABLE = YES;
				IPHONEOS_DEPLOYMENT_TARGET = 11.2;
				MTL_ENABLE_DEBUG_INFO = YES;
				ONLY_ACTIVE_ARCH = YES;
				SDKROOT = iphoneos;
			};
			name = Debug;
		};
		CC5AED151FFDCC1400009648 /* Release */ = {
			isa = XCBuildConfiguration;
			buildSettings = {
				ALWAYS_SEARCH_USER_PATHS = NO;
				CLANG_ANALYZER_NONNULL = YES;
				CLANG_ANALYZER_NUMBER_OBJECT_CONVERSION = YES_AGGRESSIVE;
				CLANG_CXX_LANGUAGE_STANDARD = "gnu++14";
				CLANG_CXX_LIBRARY = "libc++";
				CLANG_ENABLE_MODULES = YES;
				CLANG_ENABLE_OBJC_ARC = YES;
				CLANG_WARN_BLOCK_CAPTURE_AUTORELEASING = YES;
				CLANG_WARN_BOOL_CONVERSION = YES;
				CLANG_WARN_COMMA = YES;
				CLANG_WARN_CONSTANT_CONVERSION = YES;
				CLANG_WARN_DIRECT_OBJC_ISA_USAGE = YES_ERROR;
				CLANG_WARN_DOCUMENTATION_COMMENTS = YES;
				CLANG_WARN_EMPTY_BODY = YES;
				CLANG_WARN_ENUM_CONVERSION = YES;
				CLANG_WARN_INFINITE_RECURSION = YES;
				CLANG_WARN_INT_CONVERSION = YES;
				CLANG_WARN_NON_LITERAL_NULL_CONVERSION = YES;
				CLANG_WARN_OBJC_LITERAL_CONVERSION = YES;
				CLANG_WARN_OBJC_ROOT_CLASS = YES_ERROR;
				CLANG_WARN_RANGE_LOOP_ANALYSIS = YES;
				CLANG_WARN_STRICT_PROTOTYPES = YES;
				CLANG_WARN_SUSPICIOUS_MOVE = YES;
				CLANG_WARN_UNGUARDED_AVAILABILITY = YES_AGGRESSIVE;
				CLANG_WARN_UNREACHABLE_CODE = YES;
				CLANG_WARN__DUPLICATE_METHOD_MATCH = YES;
				CODE_SIGN_IDENTITY = "iPhone Developer";
				COPY_PHASE_STRIP = NO;
				DEBUG_INFORMATION_FORMAT = "dwarf-with-dsym";
				ENABLE_NS_ASSERTIONS = NO;
				ENABLE_STRICT_OBJC_MSGSEND = YES;
				GCC_C_LANGUAGE_STANDARD = gnu11;
				GCC_NO_COMMON_BLOCKS = YES;
				GCC_WARN_64_TO_32_BIT_CONVERSION = YES;
				GCC_WARN_ABOUT_RETURN_TYPE = YES_ERROR;
				GCC_WARN_UNDECLARED_SELECTOR = YES;
				GCC_WARN_UNINITIALIZED_AUTOS = YES_AGGRESSIVE;
				GCC_WARN_UNUSED_FUNCTION = YES;
				GCC_WARN_UNUSED_VARIABLE = YES;
				IPHONEOS_DEPLOYMENT_TARGET = 11.2;
				MTL_ENABLE_DEBUG_INFO = NO;
				SDKROOT = iphoneos;
				VALIDATE_PRODUCT = YES;
			};
			name = Release;
		};
		CC5AED171FFDCC1400009648 /* Debug */ = {
			isa = XCBuildConfiguration;
			buildSettings = {
				ASSETCATALOG_COMPILER_APPICON_NAME = AppIcon;
				CODE_SIGN_STYLE = Automatic;
				DEVELOPMENT_TEAM = 2MSHCVV74T;
				INFOPLIST_FILE = LearnDemo/Info.plist;
				IPHONEOS_DEPLOYMENT_TARGET = 9.0;
				LD_RUNPATH_SEARCH_PATHS = "$(inherited) @executable_path/Frameworks";
				PRODUCT_BUNDLE_IDENTIFIER = com.xx.LearnDemo;
				PRODUCT_NAME = "$(TARGET_NAME)";
				TARGETED_DEVICE_FAMILY = "1,2";
			};
			name = Debug;
		};
		CC5AED181FFDCC1400009648 /* Release */ = {
			isa = XCBuildConfiguration;
			buildSettings = {
				ASSETCATALOG_COMPILER_APPICON_NAME = AppIcon;
				CODE_SIGN_STYLE = Automatic;
				DEVELOPMENT_TEAM = 2MSHCVV74T;
				INFOPLIST_FILE = LearnDemo/Info.plist;
				IPHONEOS_DEPLOYMENT_TARGET = 9.0;
				LD_RUNPATH_SEARCH_PATHS = "$(inherited) @executable_path/Frameworks";
				PRODUCT_BUNDLE_IDENTIFIER = com.xx.LearnDemo;
				PRODUCT_NAME = "$(TARGET_NAME)";
				TARGETED_DEVICE_FAMILY = "1,2";
			};
			name = Release;
		};
/* End XCBuildConfiguration section */

/* Begin XCConfigurationList section */
		CC5AECFB1FFDCC1300009648 /* Build configuration list for PBXProject "LearnDemo" */ = {
			isa = XCConfigurationList;
			buildConfigurations = (
				CC5AED141FFDCC1400009648 /* Debug */,
				CC5AED151FFDCC1400009648 /* Release */,
			);
			defaultConfigurationIsVisible = 0;
			defaultConfigurationName = Release;
		};
		CC5AED161FFDCC1400009648 /* Build configuration list for PBXNativeTarget "LearnDemo" */ = {
			isa = XCConfigurationList;
			buildConfigurations = (
				CC5AED171FFDCC1400009648 /* Debug */,
				CC5AED181FFDCC1400009648 /* Release */,
			);
			defaultConfigurationIsVisible = 0;
			defaultConfigurationName = Release;
		};
/* End XCConfigurationList section */
	};
	rootObject = CC5AECF81FFDCC1300009648 /* Project object */;
}
